{
  "name": "interactivedatavisualization",
  "version": "1.0.3",
  "lockfileVersion": 2,
  "requires": true,
  "packages": {
    "": {
      "name": "interactivedatavisualization",
      "version": "1.0.3",
      "license": "MIT",
      "dependencies": {
        "nlppackagetea": "^1.0.2"
      }
    },
    "node_modules/interactivedatavisualization": {
      "version": "1.0.3",
      "resolved": "https://registry.npmjs.org/interactivedatavisualization/-/interactivedatavisualization-1.0.3.tgz",
      "integrity": "sha512-j86fWuhQt7zLvCq5j7RQ2TCTpQwEQq33D0x6x8at/qL5eP1RljLkb76lYawUgKvdCesCHYatCHzNpvukOmlF4Q=="
    },
    "node_modules/nlppackagetea": {
      "version": "1.0.2",
      "resolved": "https://registry.npmjs.org/nlppackagetea/-/nlppackagetea-1.0.2.tgz",
      "integrity": "sha512-vTJUIpkLSdwRkuVJS6AjOTffg9+tESuYs2+QpsYw6ZhOXAy05knXC+P1QJy/OLpY+hWAXjJxdjizdWwd7p/DCQ==",
      "dependencies": {
        "interactivedatavisualization": "^1.0.3"
      }
    }
  },
  "dependencies": {
    "interactivedatavisualization": {
      "version": "1.0.3",
      "resolved": "https://registry.npmjs.org/interactivedatavisualization/-/interactivedatavisualization-1.0.3.tgz",
      "integrity": "sha512-j86fWuhQt7zLvCq5j7RQ2TCTpQwEQq33D0x6x8at/qL5eP1RljLkb76lYawUgKvdCesCHYatCHzNpvukOmlF4Q=="
    },
    "nlppackagetea": {
      "version": "1.0.2",
      "resolved": "https://registry.npmjs.org/nlppackagetea/-/nlppackagetea-1.0.2.tgz",
      "integrity": "sha512-vTJUIpkLSdwRkuVJS6AjOTffg9+tESuYs2+QpsYw6ZhOXAy05knXC+P1QJy/OLpY+hWAXjJxdjizdWwd7p/DCQ==",
      "requires": {
        "interactivedatavisualization": "^1.0.3"
      }
    }
  }
}
